
Microsoft Visual Studio Solution File, Format Version 12.00
# Visual Studio Version 17
VisualStudioVersion = 17.0.32112.339
MinimumVisualStudioVersion = 10.0.40219.1
Project("{FAE04EC0-301F-11D3-BF4B-00C04F79EFBC}") = "Xiecheng.API", "Xiecheng.API\Xiecheng.API.csproj", "{765D83AC-564E-457A-8965-E0B19AC76F66}"
EndProject
Global
	GlobalSection(SolutionConfigurationPlatforms) = preSolution
		Debug|Any CPU = Debug|Any CPU
		Release|Any CPU = Release|Any CPU
	EndGlobalSection
	GlobalSection(ProjectConfigurationPlatforms) = postSolution
		{765D83AC-564E-457A-8965-E0B19AC76F66}.Debug|Any CPU.ActiveCfg = Debug|Any CPU
		{765D83AC-564E-457A-8965-E0B19AC76F66}.Debug|Any CPU.Build.0 = Debug|Any CPU
		{765D83AC-564E-457A-8965-E0B19AC76F66}.Release|Any CPU.ActiveCfg = Release|Any CPU
		{765D83AC-564E-457A-8965-E0B19AC76F66}.Release|Any CPU.Build.0 = Release|Any CPU
	EndGlobalSection
	GlobalSection(SolutionProperties) = preSolution
		HideSolutionNode = FALSE
	EndGlobalSection
	GlobalSection(ExtensibilityGlobals) = postSolution
		SolutionGuid = {4F399681-1035-4853-AD3A-B5910C0F32C5}
	EndGlobalSection
EndGlobal
